
Microsoft Visual Studio Solution File, Format Version 12.00
# Visual Studio 15
VisualStudioVersion = 15.0.27703.2026
MinimumVisualStudioVersion = 10.0.40219.1
Project("{9092AA53-FB77-4645-B42D-1CCCA6BD08BD}") = "PrimeStringExpress", "PrimeStringExpress\PrimeStringExpress.njsproj", "{29124F16-6B8F-4662-91AB-3124516226D1}"
EndProject
Global
	GlobalSection(SolutionConfigurationPlatforms) = preSolution
		Debug|Any CPU = Debug|Any CPU
		Release|Any CPU = Release|Any CPU
	EndGlobalSection
	GlobalSection(ProjectConfigurationPlatforms) = postSolution
		{29124F16-6B8F-4662-91AB-3124516226D1}.Debug|Any CPU.ActiveCfg = Debug|Any CPU
		{29124F16-6B8F-4662-91AB-3124516226D1}.Debug|Any CPU.Build.0 = Debug|Any CPU
		{29124F16-6B8F-4662-91AB-3124516226D1}.Release|Any CPU.ActiveCfg = Release|Any CPU
		{29124F16-6B8F-4662-91AB-3124516226D1}.Release|Any CPU.Build.0 = Release|Any CPU
	EndGlobalSection
	GlobalSection(SolutionProperties) = preSolution
		HideSolutionNode = FALSE
	EndGlobalSection
	GlobalSection(ExtensibilityGlobals) = postSolution
		SolutionGuid = {F1D4F11E-78CA-44DB-A9E9-B88300A6F739}
	EndGlobalSection
EndGlobal
